
Microsoft Visual Studio Solution File, Format Version 12.00
# Visual Studio Version 17
VisualStudioVersion = 17.9.34723.18
MinimumVisualStudioVersion = 10.0.40219.1
Project("{FAE04EC0-301F-11D3-BF4B-00C04F79EFBC}") = "RazorPage_PadariaAVALIACAO", "RazorPage_PadariaAVALIACAO\RazorPage_PadariaAVALIACAO.csproj", "{FE8828D9-843F-4EF2-862A-D654345CFA7B}"
EndProject
Global
	GlobalSection(SolutionConfigurationPlatforms) = preSolution
		Debug|Any CPU = Debug|Any CPU
		Release|Any CPU = Release|Any CPU
	EndGlobalSection
	GlobalSection(ProjectConfigurationPlatforms) = postSolution
		{FE8828D9-843F-4EF2-862A-D654345CFA7B}.Debug|Any CPU.ActiveCfg = Debug|Any CPU
		{FE8828D9-843F-4EF2-862A-D654345CFA7B}.Debug|Any CPU.Build.0 = Debug|Any CPU
		{FE8828D9-843F-4EF2-862A-D654345CFA7B}.Release|Any CPU.ActiveCfg = Release|Any CPU
		{FE8828D9-843F-4EF2-862A-D654345CFA7B}.Release|Any CPU.Build.0 = Release|Any CPU
	EndGlobalSection
	GlobalSection(SolutionProperties) = preSolution
		HideSolutionNode = FALSE
	EndGlobalSection
	GlobalSection(ExtensibilityGlobals) = postSolution
		SolutionGuid = {B820817C-0510-4EDA-B8C3-1BC354560439}
	EndGlobalSection
EndGlobal
